// !$*UTF8*$!
{
	archiveVersion = 1;
	classes = {
	};
	objectVersion = 56;
	objects = {

/* Begin PBXBuildFile section */
		011BC4E02995C6B200858A57 /* AppDelegate.swift in Sources */ = {isa = PBXBuildFile; fileRef = 011BC4DF2995C6B200858A57 /* AppDelegate.swift */; };
		011BC4E22995C6B200858A57 /* SceneDelegate.swift in Sources */ = {isa = PBXBuildFile; fileRef = 011BC4E12995C6B200858A57 /* SceneDelegate.swift */; };
		011BC4E42995C6B200858A57 /* ViewController.swift in Sources */ = {isa = PBXBuildFile; fileRef = 011BC4E32995C6B200858A57 /* ViewController.swift */; };
		011BC4E72995C6B200858A57 /* Main.storyboard in Resources */ = {isa = PBXBuildFile; fileRef = 011BC4E52995C6B200858A57 /* Main.storyboard */; };
		011BC4E92995C6B300858A57 /* Assets.xcassets in Resources */ = {isa = PBXBuildFile; fileRef = 011BC4E82995C6B300858A57 /* Assets.xcassets */; };
		011BC4EC2995C6B300858A57 /* LaunchScreen.storyboard in Resources */ = {isa = PBXBuildFile; fileRef = 011BC4EA2995C6B300858A57 /* LaunchScreen.storyboard */; };
		011BC4F4299803EE00858A57 /* Question.swift in Sources */ = {isa = PBXBuildFile; fileRef = 011BC4F3299803EE00858A57 /* Question.swift */; };
		011BC4F62998041F00858A57 /* AdventureLogic.swift in Sources */ = {isa = PBXBuildFile; fileRef = 011BC4F52998041F00858A57 /* AdventureLogic.swift */; };
/* End PBXBuildFile section */

/* Begin PBXFileReference section */
		011BC4DC2995C6B200858A57 /* MyAdventure.app */ = {isa = PBXFileReference; explicitFileType = wrapper.application; includeInIndex = 0; path = MyAdventure.app; sourceTree = BUILT_PRODUCTS_DIR; };
		011BC4DF2995C6B200858A57 /* AppDelegate.swift */ = {isa = PBXFileReference; lastKnownFileType = sourcecode.swift; path = AppDelegate.swift; sourceTree = "<group>"; };
		011BC4E12995C6B200858A57 /* SceneDelegate.swift */ = {isa = PBXFileReference; lastKnownFileType = sourcecode.swift; path = SceneDelegate.swift; sourceTree = "<group>"; };
		011BC4E32995C6B200858A57 /* ViewController.swift */ = {isa = PBXFileReference; lastKnownFileType = sourcecode.swift; path = ViewController.swift; sourceTree = "<group>"; };
		011BC4E62995C6B200858A57 /* Base */ = {isa = PBXFileReference; lastKnownFileType = file.storyboard; name = Base; path = Base.lproj/Main.storyboard; sourceTree = "<group>"; };
		011BC4E82995C6B300858A57 /* Assets.xcassets */ = {isa = PBXFileReference; lastKnownFileType = folder.assetcatalog; path = Assets.xcassets; sourceTree = "<group>"; };
		011BC4EB2995C6B300858A57 /* Base */ = {isa = PBXFileReference; lastKnownFileType = file.storyboard; name = Base; path = Base.lproj/LaunchScreen.storyboard; sourceTree = "<group>"; };
		011BC4ED2995C6B300858A57 /* Info.plist */ = {isa = PBXFileReference; lastKnownFileType = text.plist.xml; path = Info.plist; sourceTree = "<group>"; };
		011BC4F3299803EE00858A57 /* Question.swift */ = {isa = PBXFileReference; lastKnownFileType = sourcecode.swift; path = Question.swift; sourceTree = "<group>"; };
		011BC4F52998041F00858A57 /* AdventureLogic.swift */ = {isa = PBXFileReference; lastKnownFileType = sourcecode.swift; path = AdventureLogic.swift; sourceTree = "<group>"; };
/* End PBXFileReference section */

/* Begin PBXFrameworksBuildPhase section */
		011BC4D92995C6B200858A57 /* Frameworks */ = {
			isa = PBXFrameworksBuildPhase;
			buildActionMask = 2147483647;
			files = (
			);
			runOnlyForDeploymentPostprocessing = 0;
		};
/* End PBXFrameworksBuildPhase section */

/* Begin PBXGroup section */
		011BC4D32995C6B200858A57 = {
			isa = PBXGroup;
			children = (
				011BC4DE2995C6B200858A57 /* MyAdventure */,
				011BC4DD2995C6B200858A57 /* Products */,
			);
			sourceTree = "<group>";
		};
		011BC4DD2995C6B200858A57 /* Products */ = {
			isa = PBXGroup;
			children = (
				011BC4DC2995C6B200858A57 /* MyAdventure.app */,
			);
			name = Products;
			sourceTree = "<group>";
		};
		011BC4DE2995C6B200858A57 /* MyAdventure */ = {
			isa = PBXGroup;
			children = (
				011BC4DF2995C6B200858A57 /* AppDelegate.swift */,
				011BC4E12995C6B200858A57 /* SceneDelegate.swift */,
				011BC4F72998044500858A57 /* Model */,
				011BC4F82998047E00858A57 /* View */,
				011BC4E52995C6B200858A57 /* Main.storyboard */,
				011BC4E82995C6B300858A57 /* Assets.xcassets */,
				011BC4EA2995C6B300858A57 /* LaunchScreen.storyboard */,
				011BC4ED2995C6B300858A57 /* Info.plist */,
			);
			path = MyAdventure;
			sourceTree = "<group>";
		};
		011BC4F72998044500858A57 /* Model */ = {
			isa = PBXGroup;
			children = (
				011BC4F3299803EE00858A57 /* Question.swift */,
				011BC4F52998041F00858A57 /* AdventureLogic.swift */,
			);
			path = Model;
			sourceTree = "<group>";
		};
		011BC4F82998047E00858A57 /* View */ = {
			isa = PBXGroup;
			children = (
				011BC4E32995C6B200858A57 /* ViewController.swift */,
			);
			path = View;
			sourceTree = "<group>";
		};
/* End PBXGroup section */

/* Begin PBXNativeTarget section */
		011BC4DB2995C6B200858A57 /* MyAdventure */ = {
			isa = PBXNativeTarget;
			buildConfigurationList = 011BC4F02995C6B300858A57 /* Build configuration list for PBXNativeTarget "MyAdventure" */;
			buildPhases = (
				011BC4D82995C6B200858A57 /* Sources */,
				011BC4D92995C6B200858A57 /* Frameworks */,
				011BC4DA2995C6B200858A57 /* Resources */,
			);
			buildRules = (
			);
			dependencies = (
			);
			name = MyAdventure;
			productName = MyAdventure;
			productReference = 011BC4DC2995C6B200858A57 /* MyAdventure.app */;
			productType = "com.apple.product-type.application";
		};
/* End PBXNativeTarget section */

/* Begin PBXProject section */
		011BC4D42995C6B200858A57 /* Project object */ = {
			isa = PBXProject;
			attributes = {
				BuildIndependentTargetsInParallel = 1;
				LastSwiftUpdateCheck = 1420;
				LastUpgradeCheck = 1420;
				TargetAttributes = {
					011BC4DB2995C6B200858A57 = {
						CreatedOnToolsVersion = 14.2;
					};
				};
			};
			buildConfigurationList = 011BC4D72995C6B200858A57 /* Build configuration list for PBXProject "MyAdventure" */;
			compatibilityVersion = "Xcode 14.0";
			developmentRegion = en;
			hasScannedForEncodings = 0;
			knownRegions = (
				en,
				Base,
			);
			mainGroup = 011BC4D32995C6B200858A57;
			productRefGroup = 011BC4DD2995C6B200858A57 /* Products */;
			projectDirPath = "";
			projectRoot = "";
			targets = (
				011BC4DB2995C6B200858A57 /* MyAdventure */,
			);
		};
/* End PBXProject section */

/* Begin PBXResourcesBuildPhase section */
		011BC4DA2995C6B200858A57 /* Resources */ = {
			isa = PBXResourcesBuildPhase;
			buildActionMask = 2147483647;
			files = (
				011BC4EC2995C6B300858A57 /* LaunchScreen.storyboard in Resources */,
				011BC4E92995C6B300858A57 /* Assets.xcassets in Resources */,
				011BC4E72995C6B200858A57 /* Main.storyboard in Resources */,
			);
			runOnlyForDeploymentPostprocessing = 0;
		};
/* End PBXResourcesBuildPhase section */

/* Begin PBXSourcesBuildPhase section */
		011BC4D82995C6B200858A57 /* Sources */ = {
			isa = PBXSourcesBuildPhase;
			buildActionMask = 2147483647;
			files = (
				011BC4F62998041F00858A57 /* AdventureLogic.swift in Sources */,
				011BC4E42995C6B200858A57 /* ViewController.swift in Sources */,
				011BC4F4299803EE00858A57 /* Question.swift in Sources */,
				011BC4E02995C6B200858A57 /* AppDelegate.swift in Sources */,
				011BC4E22995C6B200858A57 /* SceneDelegate.swift in Sources */,
			);
			runOnlyForDeploymentPostprocessing = 0;
		};
/* End PBXSourcesBuildPhase section */

/* Begin PBXVariantGroup section */
		011BC4E52995C6B200858A57 /* Main.storyboard */ = {
			isa = PBXVariantGroup;
			children = (
				011BC4E62995C6B200858A57 /* Base */,
			);
			name = Main.storyboard;
			sourceTree = "<group>";
		};
		011BC4EA2995C6B300858A57 /* LaunchScreen.storyboard */ = {
			isa = PBXVariantGroup;
			children = (
				011BC4EB2995C6B300858A57 /* Base */,
			);
			name = LaunchScreen.storyboard;
			sourceTree = "<group>";
		};
/* End PBXVariantGroup section */

/* Begin XCBuildConfiguration section */
		011BC4EE2995C6B300858A57 /* Debug */ = {
			isa = XCBuildConfiguration;
			buildSettings = {
				ALWAYS_SEARCH_USER_PATHS = NO;
				CLANG_ANALYZER_NONNULL = YES;
				CLANG_ANALYZER_NUMBER_OBJECT_CONVERSION = YES_AGGRESSIVE;
				CLANG_CXX_LANGUAGE_STANDARD = "gnu++20";
				CLANG_ENABLE_MODULES = YES;
				CLANG_ENABLE_OBJC_ARC = YES;
				CLANG_ENABLE_OBJC_WEAK = YES;
				CLANG_WARN_BLOCK_CAPTURE_AUTORELEASING = YES;
				CLANG_WARN_BOOL_CONVERSION = YES;
				CLANG_WARN_COMMA = YES;
				CLANG_WARN_CONSTANT_CONVERSION = YES;
				CLANG_WARN_DEPRECATED_OBJC_IMPLEMENTATIONS = YES;
				CLANG_WARN_DIRECT_OBJC_ISA_USAGE = YES_ERROR;
				CLANG_WARN_DOCUMENTATION_COMMENTS = YES;
				CLANG_WARN_EMPTY_BODY = YES;
				CLANG_WARN_ENUM_CONVERSION = YES;
				CLANG_WARN_INFINITE_RECURSION = YES;
				CLANG_WARN_INT_CONVERSION = YES;
				CLANG_WARN_NON_LITERAL_NULL_CONVERSION = YES;
				CLANG_WARN_OBJC_IMPLICIT_RETAIN_SELF = YES;
				CLANG_WARN_OBJC_LITERAL_CONVERSION = YES;
				CLANG_WARN_OBJC_ROOT_CLASS = YES_ERROR;
				CLANG_WARN_QUOTED_INCLUDE_IN_FRAMEWORK_HEADER = YES;
				CLANG_WARN_RANGE_LOOP_ANALYSIS = YES;
				CLANG_WARN_STRICT_PROTOTYPES = YES;
				CLANG_WARN_SUSPICIOUS_MOVE = YES;
				CLANG_WARN_UNGUARDED_AVAILABILITY = YES_AGGRESSIVE;
				CLANG_WARN_UNREACHABLE_CODE = YES;
				CLANG_WARN__DUPLICATE_METHOD_MATCH = YES;
				COPY_PHASE_STRIP = NO;
				DEBUG_INFORMATION_FORMAT = dwarf;
				ENABLE_STRICT_OBJC_MSGSEND = YES;
				ENABLE_TESTABILITY = YES;
				GCC_C_LANGUAGE_STANDARD = gnu11;
				GCC_DYNAMIC_NO_PIC = NO;
				GCC_NO_COMMON_BLOCKS = YES;
				GCC_OPTIMIZATION_LEVEL = 0;
				GCC_PREPROCESSOR_DEFINITIONS = (
					"DEBUG=1",
					"$(inherited)",
				);
				GCC_WARN_64_TO_32_BIT_CONVERSION = YES;
				GCC_WARN_ABOUT_RETURN_TYPE = YES_ERROR;
				GCC_WARN_UNDECLARED_SELECTOR = YES;
				GCC_WARN_UNINITIALIZED_AUTOS = YES_AGGRESSIVE;
				GCC_WARN_UNUSED_FUNCTION = YES;
				GCC_WARN_UNUSED_VARIABLE = YES;
				IPHONEOS_DEPLOYMENT_TARGET = 16.2;
				MTL_ENABLE_DEBUG_INFO = INCLUDE_SOURCE;
				MTL_FAST_MATH = YES;
				ONLY_ACTIVE_ARCH = YES;
				SDKROOT = iphoneos;
				SWIFT_ACTIVE_COMPILATION_CONDITIONS = DEBUG;
				SWIFT_OPTIMIZATION_LEVEL = "-Onone";
			};
			name = Debug;
		};
		011BC4EF2995C6B300858A57 /* Release */ = {
			isa = XCBuildConfiguration;
			buildSettings = {
				ALWAYS_SEARCH_USER_PATHS = NO;
				CLANG_ANALYZER_NONNULL = YES;
				CLANG_ANALYZER_NUMBER_OBJECT_CONVERSION = YES_AGGRESSIVE;
				CLANG_CXX_LANGUAGE_STANDARD = "gnu++20";
				CLANG_ENABLE_MODULES = YES;
				CLANG_ENABLE_OBJC_ARC = YES;
				CLANG_ENABLE_OBJC_WEAK = YES;
				CLANG_WARN_BLOCK_CAPTURE_AUTORELEASING = YES;
				CLANG_WARN_BOOL_CONVERSION = YES;
				CLANG_WARN_COMMA = YES;
				CLANG_WARN_CONSTANT_CONVERSION = YES;
				CLANG_WARN_DEPRECATED_OBJC_IMPLEMENTATIONS = YES;
				CLANG_WARN_DIRECT_OBJC_ISA_USAGE = YES_ERROR;
				CLANG_WARN_DOCUMENTATION_COMMENTS = YES;
				CLANG_WARN_EMPTY_BODY = YES;
				CLANG_WARN_ENUM_CONVERSION = YES;
				CLANG_WARN_INFINITE_RECURSION = YES;
				CLANG_WARN_INT_CONVERSION = YES;
				CLANG_WARN_NON_LITERAL_NULL_CONVERSION = YES;
				CLANG_WARN_OBJC_IMPLICIT_RETAIN_SELF = YES;
				CLANG_WARN_OBJC_LITERAL_CONVERSION = YES;
				CLANG_WARN_OBJC_ROOT_CLASS = YES_ERROR;
				CLANG_WARN_QUOTED_INCLUDE_IN_FRAMEWORK_HEADER = YES;
				CLANG_WARN_RANGE_LOOP_ANALYSIS = YES;
				CLANG_WARN_STRICT_PROTOTYPES = YES;
				CLANG_WARN_SUSPICIOUS_MOVE = YES;
				CLANG_WARN_UNGUARDED_AVAILABILITY = YES_AGGRESSIVE;
				CLANG_WARN_UNREACHABLE_CODE = YES;
				CLANG_WARN__DUPLICATE_METHOD_MATCH = YES;
				COPY_PHASE_STRIP = NO;
				DEBUG_INFORMATION_FORMAT = "dwarf-with-dsym";
				ENABLE_NS_ASSERTIONS = NO;
				ENABLE_STRICT_OBJC_MSGSEND = YES;
				GCC_C_LANGUAGE_STANDARD = gnu11;
				GCC_NO_COMMON_BLOCKS = YES;
				GCC_WARN_64_TO_32_BIT_CONVERSION = YES;
				GCC_WARN_ABOUT_RETURN_TYPE = YES_ERROR;
				GCC_WARN_UNDECLARED_SELECTOR = YES;
				GCC_WARN_UNINITIALIZED_AUTOS = YES_AGGRESSIVE;
				GCC_WARN_UNUSED_FUNCTION = YES;
				GCC_WARN_UNUSED_VARIABLE = YES;
				IPHONEOS_DEPLOYMENT_TARGET = 16.2;
				MTL_ENABLE_DEBUG_INFO = NO;
				MTL_FAST_MATH = YES;
				SDKROOT = iphoneos;
				SWIFT_COMPILATION_MODE = wholemodule;
				SWIFT_OPTIMIZATION_LEVEL = "-O";
				VALIDATE_PRODUCT = YES;
			};
			name = Release;
		};
		011BC4F12995C6B300858A57 /* Debug */ = {
			isa = XCBuildConfiguration;
			buildSettings = {
				ASSETCATALOG_COMPILER_APPICON_NAME = AppIcon;
				ASSETCATALOG_COMPILER_GLOBAL_ACCENT_COLOR_NAME = AccentColor;
				CODE_SIGN_STYLE = Automatic;
				CURRENT_PROJECT_VERSION = 1;
				GENERATE_INFOPLIST_FILE = YES;
				INFOPLIST_FILE = MyAdventure/Info.plist;
				INFOPLIST_KEY_UIApplicationSupportsIndirectInputEvents = YES;
				INFOPLIST_KEY_UILaunchStoryboardName = LaunchScreen;
				INFOPLIST_KEY_UIMainStoryboardFile = Main;
				INFOPLIST_KEY_UISupportedInterfaceOrientations_iPad = "UIInterfaceOrientationPortrait UIInterfaceOrientationPortraitUpsideDown UIInterfaceOrientationLandscapeLeft UIInterfaceOrientationLandscapeRight";
				INFOPLIST_KEY_UISupportedInterfaceOrientations_iPhone = "UIInterfaceOrientationPortrait UIInterfaceOrientationLandscapeLeft UIInterfaceOrientationLandscapeRight";
				LD_RUNPATH_SEARCH_PATHS = (
					"$(inherited)",
					"@executable_path/Frameworks",
				);
				MARKETING_VERSION = 1.0;
				PRODUCT_BUNDLE_IDENTIFIER = edu.auburn.onlinecsse.MyAdventure;
				PRODUCT_NAME = "$(TARGET_NAME)";
				SWIFT_EMIT_LOC_STRINGS = YES;
				SWIFT_VERSION = 5.0;
				TARGETED_DEVICE_FAMILY = "1,2";
			};
			name = Debug;
		};
		011BC4F22995C6B300858A57 /* Release */ = {
			isa = XCBuildConfiguration;
			buildSettings = {
				ASSETCATALOG_COMPILER_APPICON_NAME = AppIcon;
				ASSETCATALOG_COMPILER_GLOBAL_ACCENT_COLOR_NAME = AccentColor;
				CODE_SIGN_STYLE = Automatic;
				CURRENT_PROJECT_VERSION = 1;
				GENERATE_INFOPLIST_FILE = YES;
				INFOPLIST_FILE = MyAdventure/Info.plist;
				INFOPLIST_KEY_UIApplicationSupportsIndirectInputEvents = YES;
				INFOPLIST_KEY_UILaunchStoryboardName = LaunchScreen;
				INFOPLIST_KEY_UIMainStoryboardFile = Main;
				INFOPLIST_KEY_UISupportedInterfaceOrientations_iPad = "UIInterfaceOrientationPortrait UIInterfaceOrientationPortraitUpsideDown UIInterfaceOrientationLandscapeLeft UIInterfaceOrientationLandscapeRight";
				INFOPLIST_KEY_UISupportedInterfaceOrientations_iPhone = "UIInterfaceOrientationPortrait UIInterfaceOrientationLandscapeLeft UIInterfaceOrientationLandscapeRight";
				LD_RUNPATH_SEARCH_PATHS = (
					"$(inherited)",
					"@executable_path/Frameworks",
				);
				MARKETING_VERSION = 1.0;
				PRODUCT_BUNDLE_IDENTIFIER = edu.auburn.onlinecsse.MyAdventure;
				PRODUCT_NAME = "$(TARGET_NAME)";
				SWIFT_EMIT_LOC_STRINGS = YES;
				SWIFT_VERSION = 5.0;
				TARGETED_DEVICE_FAMILY = "1,2";
			};
			name = Release;
		};
/* End XCBuildConfiguration section */

/* Begin XCConfigurationList section */
		011BC4D72995C6B200858A57 /* Build configuration list for PBXProject "MyAdventure" */ = {
			isa = XCConfigurationList;
			buildConfigurations = (
				011BC4EE2995C6B300858A57 /* Debug */,
				011BC4EF2995C6B300858A57 /* Release */,
			);
			defaultConfigurationIsVisible = 0;
			defaultConfigurationName = Release;
		};
		011BC4F02995C6B300858A57 /* Build configuration list for PBXNativeTarget "MyAdventure" */ = {
			isa = XCConfigurationList;
			buildConfigurations = (
				011BC4F12995C6B300858A57 /* Debug */,
				011BC4F22995C6B300858A57 /* Release */,
			);
			defaultConfigurationIsVisible = 0;
			defaultConfigurationName = Release;
		};
/* End XCConfigurationList section */
	};
	rootObject = 011BC4D42995C6B200858A57 /* Project object */;
}
